
Microsoft Visual Studio Solution File, Format Version 12.00
# Visual Studio Version 17
VisualStudioVersion = 17.13.35931.197
MinimumVisualStudioVersion = 10.0.40219.1
Project("{FAE04EC0-301F-11D3-BF4B-00C04F79EFBC}") = "Common", "Common\Common.csproj", "{C9DAC2A2-584B-48EF-8ECD-C340DDB775B1}"
EndProject
Project("{FAE04EC0-301F-11D3-BF4B-00C04F79EFBC}") = "PostService", "PostService\PostService.csproj", "{9A7B10C2-AB75-4833-8575-4FB03369A4F0}"
EndProject
Project("{FAE04EC0-301F-11D3-BF4B-00C04F79EFBC}") = "CommentService", "CommentService\CommentService.csproj", "{74D96E0F-B607-43DC-9798-D76F12E0F89F}"
EndProject
Project("{E53339B2-1760-4266-BCC7-CA923CBCF16C}") = "docker-compose", "docker-compose.dcproj", "{81DDED9D-158B-E303-5F62-77A2896D2A5A}"
EndProject
Global
	GlobalSection(SolutionConfigurationPlatforms) = preSolution
		Debug|Any CPU = Debug|Any CPU
		Release|Any CPU = Release|Any CPU
	EndGlobalSection
	GlobalSection(ProjectConfigurationPlatforms) = postSolution
		{C9DAC2A2-584B-48EF-8ECD-C340DDB775B1}.Debug|Any CPU.ActiveCfg = Debug|Any CPU
		{C9DAC2A2-584B-48EF-8ECD-C340DDB775B1}.Debug|Any CPU.Build.0 = Debug|Any CPU
		{C9DAC2A2-584B-48EF-8ECD-C340DDB775B1}.Release|Any CPU.ActiveCfg = Release|Any CPU
		{C9DAC2A2-584B-48EF-8ECD-C340DDB775B1}.Release|Any CPU.Build.0 = Release|Any CPU
		{9A7B10C2-AB75-4833-8575-4FB03369A4F0}.Debug|Any CPU.ActiveCfg = Debug|Any CPU
		{9A7B10C2-AB75-4833-8575-4FB03369A4F0}.Debug|Any CPU.Build.0 = Debug|Any CPU
		{9A7B10C2-AB75-4833-8575-4FB03369A4F0}.Release|Any CPU.ActiveCfg = Release|Any CPU
		{9A7B10C2-AB75-4833-8575-4FB03369A4F0}.Release|Any CPU.Build.0 = Release|Any CPU
		{74D96E0F-B607-43DC-9798-D76F12E0F89F}.Debug|Any CPU.ActiveCfg = Debug|Any CPU
		{74D96E0F-B607-43DC-9798-D76F12E0F89F}.Debug|Any CPU.Build.0 = Debug|Any CPU
		{74D96E0F-B607-43DC-9798-D76F12E0F89F}.Release|Any CPU.ActiveCfg = Release|Any CPU
		{74D96E0F-B607-43DC-9798-D76F12E0F89F}.Release|Any CPU.Build.0 = Release|Any CPU
		{81DDED9D-158B-E303-5F62-77A2896D2A5A}.Debug|Any CPU.ActiveCfg = Debug|Any CPU
		{81DDED9D-158B-E303-5F62-77A2896D2A5A}.Debug|Any CPU.Build.0 = Debug|Any CPU
		{81DDED9D-158B-E303-5F62-77A2896D2A5A}.Release|Any CPU.ActiveCfg = Release|Any CPU
		{81DDED9D-158B-E303-5F62-77A2896D2A5A}.Release|Any CPU.Build.0 = Release|Any CPU
	EndGlobalSection
	GlobalSection(SolutionProperties) = preSolution
		HideSolutionNode = FALSE
	EndGlobalSection
	GlobalSection(ExtensibilityGlobals) = postSolution
		SolutionGuid = {CE81ABD0-9FD9-4403-8B35-A2ABA2D94E96}
	EndGlobalSection
EndGlobal
